
Microsoft Visual Studio Solution File, Format Version 12.00
# Visual Studio 14
VisualStudioVersion = 14.0.24720.0
MinimumVisualStudioVersion = 10.0.40219.1
Project("{FAE04EC0-301F-11D3-BF4B-00C04F79EFBC}") = "NetLogStash.Core", "NetLogStash\NetLogStash.Core.csproj", "{5D96D1A0-C96C-4070-B697-5E7C51080A58}"
EndProject
Project("{FAE04EC0-301F-11D3-BF4B-00C04F79EFBC}") = "NetLogStash.Service", "NetLogStash.Service\NetLogStash.Service.csproj", "{D28EF89E-9A2E-40A1-A1A4-9B580081F4E5}"
EndProject
Project("{FAE04EC0-301F-11D3-BF4B-00C04F79EFBC}") = "NetLogStash.Plugin", "NetLogStash.Plugin\NetLogStash.Plugin.csproj", "{48CC3D88-CBB8-4753-8742-2040F852D482}"
EndProject
Project("{2150E333-8FDC-42A3-9474-1A3956D46DE8}") = "Items", "Items", "{940308C3-04DA-4D9D-A32D-93B07B9B8A99}"
	ProjectSection(SolutionItems) = preProject
		Items\Logstashconfig.g4 = Items\Logstashconfig.g4
	EndProjectSection
EndProject
Global
	GlobalSection(SolutionConfigurationPlatforms) = preSolution
		Debug|Any CPU = Debug|Any CPU
		Release|Any CPU = Release|Any CPU
	EndGlobalSection
	GlobalSection(ProjectConfigurationPlatforms) = postSolution
		{5D96D1A0-C96C-4070-B697-5E7C51080A58}.Debug|Any CPU.ActiveCfg = Debug|Any CPU
		{5D96D1A0-C96C-4070-B697-5E7C51080A58}.Debug|Any CPU.Build.0 = Debug|Any CPU
		{5D96D1A0-C96C-4070-B697-5E7C51080A58}.Release|Any CPU.ActiveCfg = Release|Any CPU
		{5D96D1A0-C96C-4070-B697-5E7C51080A58}.Release|Any CPU.Build.0 = Release|Any CPU
		{D28EF89E-9A2E-40A1-A1A4-9B580081F4E5}.Debug|Any CPU.ActiveCfg = Debug|Any CPU
		{D28EF89E-9A2E-40A1-A1A4-9B580081F4E5}.Debug|Any CPU.Build.0 = Debug|Any CPU
		{D28EF89E-9A2E-40A1-A1A4-9B580081F4E5}.Release|Any CPU.ActiveCfg = Release|Any CPU
		{D28EF89E-9A2E-40A1-A1A4-9B580081F4E5}.Release|Any CPU.Build.0 = Release|Any CPU
		{48CC3D88-CBB8-4753-8742-2040F852D482}.Debug|Any CPU.ActiveCfg = Debug|Any CPU
		{48CC3D88-CBB8-4753-8742-2040F852D482}.Debug|Any CPU.Build.0 = Debug|Any CPU
		{48CC3D88-CBB8-4753-8742-2040F852D482}.Release|Any CPU.ActiveCfg = Release|Any CPU
		{48CC3D88-CBB8-4753-8742-2040F852D482}.Release|Any CPU.Build.0 = Release|Any CPU
	EndGlobalSection
	GlobalSection(SolutionProperties) = preSolution
		HideSolutionNode = FALSE
	EndGlobalSection
EndGlobal
